
Microsoft Visual Studio Solution File, Format Version 12.00
# Visual Studio Version 17
VisualStudioVersion = 17.2.32616.157
MinimumVisualStudioVersion = 10.0.40219.1
Project("{9A19103F-16F7-4668-BE54-9A1E7A4F7556}") = "Symirror3", "Symirror3\Symirror3.csproj", "{8F85DDBA-D9AB-49A3-89C3-66142D69CD15}"
EndProject
Project("{9A19103F-16F7-4668-BE54-9A1E7A4F7556}") = "Symirror3.Core", "Symirror3.Core\Symirror3.Core.csproj", "{ED0F64F1-7074-40EA-A4FF-EAD64E810C39}"
EndProject
Project("{9A19103F-16F7-4668-BE54-9A1E7A4F7556}") = "Symirror3.Rendering", "Symirror3.Rendering\Symirror3.Rendering.csproj", "{1097C02A-10F3-4819-887A-5A12DAA1CDB8}"
EndProject
Project("{2150E333-8FDC-42A3-9474-1A3956D46DE8}") = "ソリューション項目", "ソリューション項目", "{14147A7D-7A76-404D-B632-8BFA7979597F}"
	ProjectSection(SolutionItems) = preProject
		.editorconfig = .editorconfig
	EndProjectSection
EndProject
Global
	GlobalSection(SolutionConfigurationPlatforms) = preSolution
		Debug|Any CPU = Debug|Any CPU
		Release|Any CPU = Release|Any CPU
	EndGlobalSection
	GlobalSection(ProjectConfigurationPlatforms) = postSolution
		{8F85DDBA-D9AB-49A3-89C3-66142D69CD15}.Debug|Any CPU.ActiveCfg = Debug|Any CPU
		{8F85DDBA-D9AB-49A3-89C3-66142D69CD15}.Debug|Any CPU.Build.0 = Debug|Any CPU
		{8F85DDBA-D9AB-49A3-89C3-66142D69CD15}.Release|Any CPU.ActiveCfg = Release|Any CPU
		{8F85DDBA-D9AB-49A3-89C3-66142D69CD15}.Release|Any CPU.Build.0 = Release|Any CPU
		{ED0F64F1-7074-40EA-A4FF-EAD64E810C39}.Debug|Any CPU.ActiveCfg = Debug|Any CPU
		{ED0F64F1-7074-40EA-A4FF-EAD64E810C39}.Debug|Any CPU.Build.0 = Debug|Any CPU
		{ED0F64F1-7074-40EA-A4FF-EAD64E810C39}.Release|Any CPU.ActiveCfg = Release|Any CPU
		{ED0F64F1-7074-40EA-A4FF-EAD64E810C39}.Release|Any CPU.Build.0 = Release|Any CPU
		{1097C02A-10F3-4819-887A-5A12DAA1CDB8}.Debug|Any CPU.ActiveCfg = Debug|Any CPU
		{1097C02A-10F3-4819-887A-5A12DAA1CDB8}.Debug|Any CPU.Build.0 = Debug|Any CPU
		{1097C02A-10F3-4819-887A-5A12DAA1CDB8}.Release|Any CPU.ActiveCfg = Release|Any CPU
		{1097C02A-10F3-4819-887A-5A12DAA1CDB8}.Release|Any CPU.Build.0 = Release|Any CPU
	EndGlobalSection
	GlobalSection(SolutionProperties) = preSolution
		HideSolutionNode = FALSE
	EndGlobalSection
	GlobalSection(ExtensibilityGlobals) = postSolution
		SolutionGuid = {784B0B8C-9A9A-4C83-9B42-10B758899BD9}
	EndGlobalSection
EndGlobal
